<?xml version="1.0" encoding="utf-8"?>
<Project ToolsVersion="4.0" xmlns="http://schemas.microsoft.com/developer/msbuild/2003">
  <ItemGroup>
    <Filter Include="소스 파일">
      <UniqueIdentifier>{4FC737F1-C7A5-4376-A066-2A32D752A2FF}</UniqueIdentifier>
      <Extensions>cpp;c;cc;cxx;def;odl;idl;hpj;bat;asm;asmx</Extensions>
    </Filter>
    <Filter Include="헤더 파일">
      <UniqueIdentifier>{93995380-89BD-4b04-88EB-625FBE52EBFB}</UniqueIdentifier>
      <Extensions>h;hh;hpp;hxx;hm;inl;inc;ipp;xsd</Extensions>
    </Filter>
    <Filter Include="리소스 파일">
      <UniqueIdentifier>{67DA6AB6-F800-4c08-8B7A-83BB121AAD01}</UniqueIdentifier>
      <Extensions>rc;ico;cur;bmp;dlg;rc2;rct;bin;rgs;gif;jpg;jpeg;jpe;resx;tiff;tif;png;wav;mfcribbon-ms</Extensions>
    </Filter>
  </ItemGroup>
  <ItemGroup>
    <ClCompile Include="2019.cpp">
      <Filter>소스 파일</Filter>
    </ClCompile>
    <ClCompile Include="9243.cpp">
      <Filter>소스 파일</Filter>
    </ClCompile>
    <ClCompile Include="src1.cpp">
      <Filter>소스 파일</Filter>
    </ClCompile>
    <ClCompile Include="ss_shark.cpp">
      <Filter>소스 파일</Filter>
    </ClCompile>
    <ClCompile Include="ss16235.cpp">
      <Filter>소스 파일</Filter>
    </ClCompile>
    <ClCompile Include="ss16234_.cpp">
      <Filter>소스 파일</Filter>
    </ClCompile>
    <ClCompile Include="ss15686.cpp">
      <Filter>소스 파일</Filter>
    </ClCompile>
    <ClCompile Include="ss15685.cpp">
      <Filter>소스 파일</Filter>
    </ClCompile>
    <ClCompile Include="ss15685_.cpp">
      <Filter>소스 파일</Filter>
    </ClCompile>
    <ClCompile Include="baek.cpp">
      <Filter>소스 파일</Filter>
    </ClCompile>
    <ClCompile Include="2667.cpp">
      <Filter>소스 파일</Filter>
    </ClCompile>
    <ClCompile Include="ss15684.cpp">
      <Filter>소스 파일</Filter>
    </ClCompile>
    <ClCompile Include="ss16236.cpp">
      <Filter>소스 파일</Filter>
    </ClCompile>
    <ClCompile Include="ss15683.cpp">
      <Filter>소스 파일</Filter>
    </ClCompile>
    <ClCompile Include="ss13458.cpp">
      <Filter>소스 파일</Filter>
    </ClCompile>
    <ClCompile Include="ss13460.cpp">
      <Filter>소스 파일</Filter>
    </ClCompile>
    <ClCompile Include="ss14502.cpp">
      <Filter>소스 파일</Filter>
    </ClCompile>
    <ClCompile Include="ss14503.cpp">
      <Filter>소스 파일</Filter>
    </ClCompile>
    <ClCompile Include="ss14888.cpp">
      <Filter>소스 파일</Filter>
    </ClCompile>
    <ClCompile Include="ss14891.cpp">
      <Filter>소스 파일</Filter>
    </ClCompile>
    <ClCompile Include="ss12100.cpp">
      <Filter>소스 파일</Filter>
    </ClCompile>
    <ClCompile Include="ss14890.cpp">
      <Filter>소스 파일</Filter>
    </ClCompile>
    <ClCompile Include="ss3190.cpp">
      <Filter>소스 파일</Filter>
    </ClCompile>
    <ClCompile Include="ss14500.cpp">
      <Filter>소스 파일</Filter>
    </ClCompile>
    <ClCompile Include="ss14889__.cpp">
      <Filter>소스 파일</Filter>
    </ClCompile>
    <ClCompile Include="ss13460_.cpp">
      <Filter>소스 파일</Filter>
    </ClCompile>
    <ClCompile Include="test1.cpp">
      <Filter>소스 파일</Filter>
    </ClCompile>
    <ClCompile Include="calc.cpp">
      <Filter>소스 파일</Filter>
    </ClCompile>
    <ClCompile Include="ss17143.cpp">
      <Filter>소스 파일</Filter>
    </ClCompile>
    <ClCompile Include="kk15953.cpp">
      <Filter>소스 파일</Filter>
    </ClCompile>
    <ClCompile Include="2252.cpp">
      <Filter>소스 파일</Filter>
    </ClCompile>
    <ClCompile Include="4195.cpp">
      <Filter>소스 파일</Filter>
    </ClCompile>
    <ClCompile Include="4195_nolib.cpp">
      <Filter>소스 파일</Filter>
    </ClCompile>
    <ClCompile Include="2606.cpp">
      <Filter>소스 파일</Filter>
    </ClCompile>
    <ClCompile Include="1717.cpp">
      <Filter>소스 파일</Filter>
    </ClCompile>
    <ClCompile Include="1976.cpp">
      <Filter>소스 파일</Filter>
    </ClCompile>
    <ClCompile Include="10775.cpp">
      <Filter>소스 파일</Filter>
    </ClCompile>
    <ClCompile Include="1516.cpp">
      <Filter>소스 파일</Filter>
    </ClCompile>
    <ClCompile Include="frame.cpp">
      <Filter>소스 파일</Filter>
    </ClCompile>
    <ClCompile Include="1463.cpp">
      <Filter>소스 파일</Filter>
    </ClCompile>
    <ClCompile Include="9095.cpp">
      <Filter>소스 파일</Filter>
    </ClCompile>
    <ClCompile Include="2579.cpp">
      <Filter>소스 파일</Filter>
    </ClCompile>
    <ClCompile Include="11726.cpp">
      <Filter>소스 파일</Filter>
    </ClCompile>
    <ClCompile Include="binaryTree.cpp">
      <Filter>소스 파일</Filter>
    </ClCompile>
    <ClCompile Include="11399.cpp">
      <Filter>소스 파일</Filter>
    </ClCompile>
    <ClCompile Include="11047.cpp">
      <Filter>소스 파일</Filter>
    </ClCompile>
    <ClCompile Include="5585.cpp">
      <Filter>소스 파일</Filter>
    </ClCompile>
    <ClCompile Include="1766.cpp">
      <Filter>소스 파일</Filter>
    </ClCompile>
    <ClCompile Include="2529_priority+greedy.cpp">
      <Filter>소스 파일</Filter>
    </ClCompile>
    <ClCompile Include="11725_Tree.cpp">
      <Filter>소스 파일</Filter>
    </ClCompile>
    <ClCompile Include="5052_trie.cpp">
      <Filter>소스 파일</Filter>
    </ClCompile>
  </ItemGroup>
</Project>